{
  "name": "a11y-system-audit",
  "version": "1.0.0",
  "lockfileVersion": 3,
  "requires": true,
  "packages": {
    "": {
      "name": "a11y-system-audit",
      "version": "1.0.0",
      "devDependencies": {
        "@figma/plugin-typings": "^1.129.0",
        "typescript": "^6.0.3"
      }
    },
    "node_modules/@figma/plugin-typings": {
      "version": "1.129.0",
      "resolved": "https://registry.npmjs.org/@figma/plugin-typings/-/plugin-typings-1.129.0.tgz",
      "integrity": "sha512-LW3UhslmR0QMPwvycDhxLGh3ACjb4Ebh1MjSG5PnyYlmJiOVQ/I+98XLyEtJSXbeGs3DDiJxGuu8Xa+PBoon4w==",
      "dev": true,
      "license": "MIT License"
    },
    "node_modules/typescript": {
      "version": "6.0.3",
      "resolved": "https://registry.npmjs.org/typescript/-/typescript-6.0.3.tgz",
      "integrity": "sha512-y2TvuxSZPDyQakkFRPZHKFm+KKVqIisdg9/CZwm9ftvKXLP8NRWj38/ODjNbr43SsoXqNuAisEf1GdCxqWcdBw==",
      "dev": true,
      "license": "Apache-2.0",
      "bin": {
        "tsc": "bin/tsc",
        "tsserver": "bin/tsserver"
      },
      "engines": {
        "node": ">=14.17"
      }
    }
  }
}
